{
  "name": "nwlf3",
  "lockfileVersion": 2,
  "requires": true,
  "packages": {
    "": {
      "dependencies": {
        "lazygit": "^1.0.4"
      }
    },
    "node_modules/lazygit": {
      "version": "1.0.4",
      "resolved": "https://registry.npmjs.org/lazygit/-/lazygit-1.0.4.tgz",
      "integrity": "sha512-1HTEvocQiLt5DP13MIYbOHJjcqFXkCMEgRLsbKQrK3YBEfkydoylhiT3LW/cmc2fGuBvUuW+V/ZU1guxwRRvoQ==",
      "hasInstallScript": true
    }
  },
  "dependencies": {
    "lazygit": {
      "version": "1.0.4",
      "resolved": "https://registry.npmjs.org/lazygit/-/lazygit-1.0.4.tgz",
      "integrity": "sha512-1HTEvocQiLt5DP13MIYbOHJjcqFXkCMEgRLsbKQrK3YBEfkydoylhiT3LW/cmc2fGuBvUuW+V/ZU1guxwRRvoQ=="
    }
  }
}
